
Microsoft Visual Studio Solution File, Format Version 12.00
# Visual Studio 15
VisualStudioVersion = 15.0.27703.2018
MinimumVisualStudioVersion = 10.0.40219.1
Project("{9A19103F-16F7-4668-BE54-9A1E7A4F7556}") = "rebus.DAL", "rebus.DAL\rebus.DAL.csproj", "{EC89C2EB-D509-401C-AE98-8969D2DCC81A}"
EndProject
Project("{9A19103F-16F7-4668-BE54-9A1E7A4F7556}") = "rebus.Business", "rebus.Business\rebus.Business.csproj", "{AEB30695-85E0-4527-BD26-0F142E91479C}"
EndProject
Project("{FAE04EC0-301F-11D3-BF4B-00C04F79EFBC}") = "rebus.Web", "rebus.Web\rebus.Web.csproj", "{FCD8911A-9422-42E1-88A7-D844690F9EE8}"
EndProject
Global
	GlobalSection(SolutionConfigurationPlatforms) = preSolution
		Debug|Any CPU = Debug|Any CPU
		Release|Any CPU = Release|Any CPU
	EndGlobalSection
	GlobalSection(ProjectConfigurationPlatforms) = postSolution
		{EC89C2EB-D509-401C-AE98-8969D2DCC81A}.Debug|Any CPU.ActiveCfg = Debug|Any CPU
		{EC89C2EB-D509-401C-AE98-8969D2DCC81A}.Debug|Any CPU.Build.0 = Debug|Any CPU
		{EC89C2EB-D509-401C-AE98-8969D2DCC81A}.Release|Any CPU.ActiveCfg = Release|Any CPU
		{EC89C2EB-D509-401C-AE98-8969D2DCC81A}.Release|Any CPU.Build.0 = Release|Any CPU
		{AEB30695-85E0-4527-BD26-0F142E91479C}.Debug|Any CPU.ActiveCfg = Debug|Any CPU
		{AEB30695-85E0-4527-BD26-0F142E91479C}.Debug|Any CPU.Build.0 = Debug|Any CPU
		{AEB30695-85E0-4527-BD26-0F142E91479C}.Release|Any CPU.ActiveCfg = Release|Any CPU
		{AEB30695-85E0-4527-BD26-0F142E91479C}.Release|Any CPU.Build.0 = Release|Any CPU
		{FCD8911A-9422-42E1-88A7-D844690F9EE8}.Debug|Any CPU.ActiveCfg = Debug|Any CPU
		{FCD8911A-9422-42E1-88A7-D844690F9EE8}.Debug|Any CPU.Build.0 = Debug|Any CPU
		{FCD8911A-9422-42E1-88A7-D844690F9EE8}.Release|Any CPU.ActiveCfg = Release|Any CPU
		{FCD8911A-9422-42E1-88A7-D844690F9EE8}.Release|Any CPU.Build.0 = Release|Any CPU
	EndGlobalSection
	GlobalSection(SolutionProperties) = preSolution
		HideSolutionNode = FALSE
	EndGlobalSection
	GlobalSection(ExtensibilityGlobals) = postSolution
		SolutionGuid = {388C8EFB-16DD-49BD-BB3D-59ACC117EF26}
	EndGlobalSection
EndGlobal
